# This file is automatically @generated by Poetry 1.6.1 and should not be changed by hand.

[[package]]
name = "ruff"
version = "0.1.12"
description = "An extremely fast Python linter and code formatter, written in Rust."
optional = false
python-versions = ">=3.7"
files = [
    {file = "ruff-0.1.12-py3-none-macosx_10_12_x86_64.macosx_11_0_arm64.macosx_10_12_universal2.whl", hash = "sha256:544038693543c11edc56bb94a9875df2dc249e3616f90c15964c720dcccf0745"},
    {file = "ruff-0.1.12-py3-none-macosx_10_12_x86_64.whl", hash = "sha256:8a0e3ef6299c4eab75a7740730e4b4bd4a36e0bd8102ded01553403cad088fd4"},
    {file = "ruff-0.1.12-py3-none-manylinux_2_17_aarch64.manylinux2014_aarch64.whl", hash = "sha256:47f6d939461e3273f10f4cd059fd0b83c249d73f1736032fffbac83a62939395"},
    {file = "ruff-0.1.12-py3-none-manylinux_2_17_armv7l.manylinux2014_armv7l.whl", hash = "sha256:25be18abc1fc3f3d3fb55855c41ed5d52063316defde202f413493bb3888218c"},
    {file = "ruff-0.1.12-py3-none-manylinux_2_17_i686.manylinux2014_i686.whl", hash = "sha256:d41e9f100b50526d80b076fc9c103c729387ff3f10f63606ed1038c30a372a40"},
    {file = "ruff-0.1.12-py3-none-manylinux_2_17_ppc64.manylinux2014_ppc64.whl", hash = "sha256:472a0548738d4711549c7874b43fab61aacafb1fede29c5232d4cfb8e2d13f69"},
    {file = "ruff-0.1.12-py3-none-manylinux_2_17_ppc64le.manylinux2014_ppc64le.whl", hash = "sha256:46685ef2f106b827705df876d38617741ed4f858bbdbc0817f94476c45ab6669"},
    {file = "ruff-0.1.12-py3-none-manylinux_2_17_s390x.manylinux2014_s390x.whl", hash = "sha256:cf6073749c70b616d7929897b14824ec6713a6c3a8195dfd2ffdcc66594d880c"},
    {file = "ruff-0.1.12-py3-none-manylinux_2_17_x86_64.manylinux2014_x86_64.whl", hash = "sha256:4bdf26e5a2efab4c3aaf6b61648ea47a525dc12775810a85c285dc9ca03e5ac0"},
    {file = "ruff-0.1.12-py3-none-musllinux_1_2_aarch64.whl", hash = "sha256:b631c6a95e4b6d5c4299e599067b5a89f5b18e2f2d9a6c22b879b3c4b077c96e"},
    {file = "ruff-0.1.12-py3-none-musllinux_1_2_armv7l.whl", hash = "sha256:f193f460e231e63af5fc7516897cf5ab257cbda72ae83cf9a654f1c80c3b758a"},
    {file = "ruff-0.1.12-py3-none-musllinux_1_2_i686.whl", hash = "sha256:718523c3a0b787590511f212d30cc9b194228ef369c8bdd72acd1282cc27c468"},
    {file = "ruff-0.1.12-py3-none-musllinux_1_2_x86_64.whl", hash = "sha256:1c49e826de55d81a6ef93808b760925e492bad7cc470aaa114a3be158b2c7f99"},
    {file = "ruff-0.1.12-py3-none-win32.whl", hash = "sha256:fbb1c002eeacb60161e51d77b2274c968656599477a1c8c65066953276e8ee2b"},
    {file = "ruff-0.1.12-py3-none-win_amd64.whl", hash = "sha256:7fe06ba77e5b7b78db1d058478c47176810f69bb5be7c1b0d06876af59198203"},
    {file = "ruff-0.1.12-py3-none-win_arm64.whl", hash = "sha256:bb29f8e3e6c95024902eaec5a9ce1fd5ac4e77f4594f4554e67fbb0f6d9a2f37"},
    {file = "ruff-0.1.12.tar.gz", hash = "sha256:97189f38c655e573f6bea0d12e9f18aad5539fd08ab50651449450999f45383a"},
]

[metadata]
lock-version = "2.0"
python-versions = "^3.11"
content-hash = "7dd1f8a56cc9e9eb10db781a2c362bc27b3823ed1d3ec46c6ed7ca5ba4b5b634"
